
Microsoft Visual Studio Solution File, Format Version 12.00
# Visual Studio 2013
VisualStudioVersion = 12.0.30723.0
MinimumVisualStudioVersion = 10.0.40219.1
Project("{FAE04EC0-301F-11D3-BF4B-00C04F79EFBC}") = "Broker", "Broker\Broker.csproj", "{3F44CCD3-88A4-42C5-A5AD-D8A16D279DDA}"
EndProject
Project("{FAE04EC0-301F-11D3-BF4B-00C04F79EFBC}") = "BrokerClient", "BrokerClient\BrokerClient.csproj", "{12ADD4BC-F734-4F4D-B982-7710A59F7305}"
EndProject
Project("{FAE04EC0-301F-11D3-BF4B-00C04F79EFBC}") = "BrokerWorker", "BrokerWorker\BrokerWorker.csproj", "{F6BD1F2B-1B57-4554-AD0D-66E6E0B9454C}"
EndProject
Project("{FAE04EC0-301F-11D3-BF4B-00C04F79EFBC}") = "Common", "Common\Common.csproj", "{967D40D3-08FA-42C2-A144-6B5AF4559B5F}"
EndProject
Project("{FAE04EC0-301F-11D3-BF4B-00C04F79EFBC}") = "WebMonitor", "WebMonitor\WebMonitor.csproj", "{207CED03-AEB4-4A55-AD7B-B409D6079F01}"
EndProject
Global
	GlobalSection(SolutionConfigurationPlatforms) = preSolution
		Debug|x64 = Debug|x64
		Release|x64 = Release|x64
	EndGlobalSection
	GlobalSection(ProjectConfigurationPlatforms) = postSolution
		{3F44CCD3-88A4-42C5-A5AD-D8A16D279DDA}.Debug|x64.ActiveCfg = Debug|x64
		{3F44CCD3-88A4-42C5-A5AD-D8A16D279DDA}.Debug|x64.Build.0 = Debug|x64
		{3F44CCD3-88A4-42C5-A5AD-D8A16D279DDA}.Debug|x64.Deploy.0 = Debug|x64
		{3F44CCD3-88A4-42C5-A5AD-D8A16D279DDA}.Release|x64.ActiveCfg = Release|x64
		{3F44CCD3-88A4-42C5-A5AD-D8A16D279DDA}.Release|x64.Build.0 = Release|x64
		{12ADD4BC-F734-4F4D-B982-7710A59F7305}.Debug|x64.ActiveCfg = Debug|x64
		{12ADD4BC-F734-4F4D-B982-7710A59F7305}.Debug|x64.Build.0 = Debug|x64
		{12ADD4BC-F734-4F4D-B982-7710A59F7305}.Debug|x64.Deploy.0 = Debug|x64
		{12ADD4BC-F734-4F4D-B982-7710A59F7305}.Release|x64.ActiveCfg = Release|x64
		{12ADD4BC-F734-4F4D-B982-7710A59F7305}.Release|x64.Build.0 = Release|x64
		{F6BD1F2B-1B57-4554-AD0D-66E6E0B9454C}.Debug|x64.ActiveCfg = Debug|x64
		{F6BD1F2B-1B57-4554-AD0D-66E6E0B9454C}.Debug|x64.Build.0 = Debug|x64
		{F6BD1F2B-1B57-4554-AD0D-66E6E0B9454C}.Debug|x64.Deploy.0 = Debug|x64
		{F6BD1F2B-1B57-4554-AD0D-66E6E0B9454C}.Release|x64.ActiveCfg = Release|x64
		{F6BD1F2B-1B57-4554-AD0D-66E6E0B9454C}.Release|x64.Build.0 = Release|x64
		{967D40D3-08FA-42C2-A144-6B5AF4559B5F}.Debug|x64.ActiveCfg = Debug|x64
		{967D40D3-08FA-42C2-A144-6B5AF4559B5F}.Debug|x64.Build.0 = Debug|x64
		{967D40D3-08FA-42C2-A144-6B5AF4559B5F}.Release|x64.ActiveCfg = Release|x64
		{967D40D3-08FA-42C2-A144-6B5AF4559B5F}.Release|x64.Build.0 = Release|x64
		{207CED03-AEB4-4A55-AD7B-B409D6079F01}.Debug|x64.ActiveCfg = Debug|x64
		{207CED03-AEB4-4A55-AD7B-B409D6079F01}.Debug|x64.Build.0 = Debug|x64
		{207CED03-AEB4-4A55-AD7B-B409D6079F01}.Release|x64.ActiveCfg = Release|x64
		{207CED03-AEB4-4A55-AD7B-B409D6079F01}.Release|x64.Build.0 = Release|x64
	EndGlobalSection
	GlobalSection(SolutionProperties) = preSolution
		HideSolutionNode = FALSE
	EndGlobalSection
EndGlobal
